
Microsoft Visual Studio Solution File, Format Version 12.00
# Visual Studio Version 17
VisualStudioVersion = 17.14.36623.8
MinimumVisualStudioVersion = 10.0.40219.1
Project("{FAE04EC0-301F-11D3-BF4B-00C04F79EFBC}") = "StudentApi", "StudentApi.csproj", "{C45F022E-C2E0-426B-A551-2F5C82A987BD}"
EndProject
Global
	GlobalSection(SolutionConfigurationPlatforms) = preSolution
		Debug|Any CPU = Debug|Any CPU
		Release|Any CPU = Release|Any CPU
	EndGlobalSection
	GlobalSection(ProjectConfigurationPlatforms) = postSolution
		{C45F022E-C2E0-426B-A551-2F5C82A987BD}.Debug|Any CPU.ActiveCfg = Debug|Any CPU
		{C45F022E-C2E0-426B-A551-2F5C82A987BD}.Debug|Any CPU.Build.0 = Debug|Any CPU
		{C45F022E-C2E0-426B-A551-2F5C82A987BD}.Release|Any CPU.ActiveCfg = Release|Any CPU
		{C45F022E-C2E0-426B-A551-2F5C82A987BD}.Release|Any CPU.Build.0 = Release|Any CPU
	EndGlobalSection
	GlobalSection(SolutionProperties) = preSolution
		HideSolutionNode = FALSE
	EndGlobalSection
	GlobalSection(ExtensibilityGlobals) = postSolution
		SolutionGuid = {9CCE944A-6AD5-4F29-A899-F94F7FBC50C3}
	EndGlobalSection
EndGlobal
